# THIS IS AN AUTOGENERATED FILE. DO NOT EDIT THIS FILE DIRECTLY.
# yarn lockfile v1


accepts@~1.3.7:
  version "1.3.7"
  resolved "https://registry.yarnpkg.com/accepts/-/accepts-1.3.7.tgz#531bc726517a3b2b41f850021c6cc15eaab507cd"
  integrity sha512-Il80Qs2WjYlJIBNzNkK6KYqlVMTbZLXgHx2oT0pU/fjRHyEp+PEfEPY0R3WCwAGVOtauxh1hOxNgIf5bv7dQpA==
  dependencies:
    mime-types "~2.1.24"
    negotiator "0.6.2"

array-flatten@1.1.1:
  version "1.1.1"
  resolved "https://registry.yarnpkg.com/array-flatten/-/array-flatten-1.1.1.tgz#9a5f699051b1e7073328f2a008968b64ea2955d2"
  integrity sha1-ml9pkFGx5wczKPKgCJaLZOopVdI=

body-parser@1.19.0:
  version "1.19.0"
  resolved "https://registry.yarnpkg.com/body-parser/-/body-parser-1.19.0.tgz#96b2709e57c9c4e09a6fd66a8fd979844f69f08a"
  integrity sha512-dhEPs72UPbDnAQJ9ZKMNTP6ptJaionhP5cBb541nXPlW60Jepo9RV/a4fX4XWW9CuFNK22krhrj1+rgzifNCsw==
  dependencies:
    bytes "3.1.0"
    content-type "~1.0.4"
    debug "2.6.9"
    depd "~1.1.2"
    http-errors "1.7.2"
    iconv-lite "0.4.24"
    on-finished "~2.3.0"
    qs "6.7.0"
    raw-body "2.4.0"
    type-is "~1.6.17"

bytes@3.1.0:
  version "3.1.0"
  resolved "https://registry.yarnpkg.com/bytes/-/bytes-3.1.0.tgz#f6cf7933a360e0588fa9fde85651cdc7f805d1f6"
  integrity sha512-zauLjrfCG+xvoyaqLoV8bLVXXNGC4JqlxFCutSDWA6fJrTo2ZuvLYTqZ7aHBLZSMOopbzwv8f+wZcVzfVTI2Dg==

commander@2:
  version "2.20.3"
  resolved "https://registry.yarnpkg.com/commander/-/commander-2.20.3.tgz#fd485e84c03eb4881c20722ba48035e8531aeb33"
  integrity sha512-GpVkmM8vF2vQUkj2LvZmD35JxeJOLCwJ9cUkugyk2nuhbv3+mJvpLYYt+0+USMxE+oj+ey/lJEnhZw75x/OMcQ==

content-disposition@0.5.3:
  version "0.5.3"
  resolved "https://registry.yarnpkg.com/content-disposition/-/content-disposition-0.5.3.tgz#e130caf7e7279087c5616c2007d0485698984fbd"
  integrity sha512-ExO0774ikEObIAEV9kDo50o+79VCUdEB6n6lzKgGwupcVeRlhrj3qGAfwq8G6uBJjkqLrhT0qEYFcWng8z1z0g==
  dependencies:
    safe-buffer "5.1.2"

content-type@~1.0.4:
  version "1.0.4"
  resolved "https://registry.yarnpkg.com/content-type/-/content-type-1.0.4.tgz#e138cc75e040c727b1966fe5e5f8c9aee256fe3b"
  integrity sha512-hIP3EEPs8tB9AT1L+NUqtwOAps4mk2Zob89MWXMHjHWg9milF/j4osnnQLXBCBFBk/tvIG/tUc9mOUJiPBhPXA==

cookie-signature@1.0.6:
  version "1.0.6"
  resolved "https://registry.yarnpkg.com/cookie-signature/-/cookie-signature-1.0.6.tgz#e303a882b342cc3ee8ca513a79999734dab3ae2c"
  integrity sha1-4wOogrNCzD7oylE6eZmXNNqzriw=

cookie@0.4.0:
  version "0.4.0"
  resolved "https://registry.yarnpkg.com/cookie/-/cookie-0.4.0.tgz#beb437e7022b3b6d49019d088665303ebe9c14ba"
  integrity sha512-+Hp8fLp57wnUSt0tY0tHEXh4voZRDnoIrZPqlo3DPiI4y9lwg/jqx+1Om94/W6ZaPDOUbnjOt/99w66zk+l1Xg==

"d3-array@1.2.0 - 2", d3-array@2, d3-array@>=2.5:
  version "2.7.1"
  resolved "https://registry.yarnpkg.com/d3-array/-/d3-array-2.7.1.tgz#b1f56065e9aba1ef6f0d0c8c9390b65421593352"
  integrity sha512-dYWhEvg1L2+osFsSqNHpXaPQNugLT4JfyvbLE046I2PDcgYGFYc0w24GSJwbmcjjZYOPC3PNP2S782bWUM967Q==

d3-axis@2:
  version "2.0.0"
  resolved "https://registry.yarnpkg.com/d3-axis/-/d3-axis-2.0.0.tgz#40aebb65626ffe6d95e9441fbf9194274b328a8b"
  integrity sha512-9nzB0uePtb+u9+dWir+HTuEAKJOEUYJoEwbJPsZ1B4K3iZUgzJcSENQ05Nj7S4CIfbZZ8/jQGoUzGKFznBhiiQ==

d3-brush@2:
  version "2.1.0"
  resolved "https://registry.yarnpkg.com/d3-brush/-/d3-brush-2.1.0.tgz#adadfbb104e8937af142e9a6e2028326f0471065"
  integrity sha512-cHLLAFatBATyIKqZOkk/mDHUbzne2B3ZwxkzMHvFTCZCmLaXDpZRihQSn8UNXTkGD/3lb/W2sQz0etAftmHMJQ==
  dependencies:
    d3-dispatch "1 - 2"
    d3-drag "2"
    d3-interpolate "1 - 2"
    d3-selection "2"
    d3-transition "2"

d3-chord@2:
  version "2.0.0"
  resolved "https://registry.yarnpkg.com/d3-chord/-/d3-chord-2.0.0.tgz#32491b5665391180560f738e5c1ccd1e3c47ebae"
  integrity sha512-D5PZb7EDsRNdGU4SsjQyKhja8Zgu+SHZfUSO5Ls8Wsn+jsAKUUGkcshLxMg9HDFxG3KqavGWaWkJ8EpU8ojuig==
  dependencies:
    d3-path "1 - 2"

"d3-color@1 - 2", d3-color@2:
  version "2.0.0"
  resolved "https://registry.yarnpkg.com/d3-color/-/d3-color-2.0.0.tgz#8d625cab42ed9b8f601a1760a389f7ea9189d62e"
  integrity sha512-SPXi0TSKPD4g9tw0NMZFnR95XVgUZiBH+uUTqQuDu1OsE2zomHU7ho0FISciaPvosimixwHFl3WHLGabv6dDgQ==

d3-contour@2:
  version "2.0.0"
  resolved "https://registry.yarnpkg.com/d3-contour/-/d3-contour-2.0.0.tgz#80ee834988563e3bea9d99ddde72c0f8c089ea40"
  integrity sha512-9unAtvIaNk06UwqBmvsdHX7CZ+NPDZnn8TtNH1myW93pWJkhsV25JcgnYAu0Ck5Veb1DHiCv++Ic5uvJ+h50JA==
  dependencies:
    d3-array "2"

d3-delaunay@5:
  version "5.3.0"
  resolved "https://registry.yarnpkg.com/d3-delaunay/-/d3-delaunay-5.3.0.tgz#b47f05c38f854a4e7b3cea80e0bb12e57398772d"
  integrity sha512-amALSrOllWVLaHTnDLHwMIiz0d1bBu9gZXd1FiLfXf8sHcX9jrcj81TVZOqD4UX7MgBZZ07c8GxzEgBpJqc74w==
  dependencies:
    delaunator "4"

"d3-dispatch@1 - 2", d3-dispatch@2:
  version "2.0.0"
  resolved "https://registry.yarnpkg.com/d3-dispatch/-/d3-dispatch-2.0.0.tgz#8a18e16f76dd3fcaef42163c97b926aa9b55e7cf"
  integrity sha512-S/m2VsXI7gAti2pBoLClFFTMOO1HTtT0j99AuXLoGFKO6deHDdnv6ZGTxSTTUTgO1zVcv82fCOtDjYK4EECmWA==

d3-drag@2:
  version "2.0.0"
  resolved "https://registry.yarnpkg.com/d3-drag/-/d3-drag-2.0.0.tgz#9eaf046ce9ed1c25c88661911c1d5a4d8eb7ea6d"
  integrity sha512-g9y9WbMnF5uqB9qKqwIIa/921RYWzlUDv9Jl1/yONQwxbOfszAWTCm8u7HOTgJgRDXiRZN56cHT9pd24dmXs8w==
  dependencies:
    d3-dispatch "1 - 2"
    d3-selection "2"

"d3-dsv@1 - 2", d3-dsv@2:
  version "2.0.0"
  resolved "https://registry.yarnpkg.com/d3-dsv/-/d3-dsv-2.0.0.tgz#b37b194b6df42da513a120d913ad1be22b5fe7c5"
  integrity sha512-E+Pn8UJYx9mViuIUkoc93gJGGYut6mSDKy2+XaPwccwkRGlR+LO97L2VCCRjQivTwLHkSnAJG7yo00BWY6QM+w==
  dependencies:
    commander "2"
    iconv-lite "0.4"
    rw "1"

"d3-ease@1 - 2", d3-ease@2:
  version "2.0.0"
  resolved "https://registry.yarnpkg.com/d3-ease/-/d3-ease-2.0.0.tgz#fd1762bfca00dae4bacea504b1d628ff290ac563"
  integrity sha512-68/n9JWarxXkOWMshcT5IcjbB+agblQUaIsbnXmrzejn2O82n3p2A9R2zEB9HIEFWKFwPAEDDN8gR0VdSAyyAQ==

d3-fetch@2:
  version "2.0.0"
  resolved "https://registry.yarnpkg.com/d3-fetch/-/d3-fetch-2.0.0.tgz#ecd7ef2128d9847a3b41b548fec80918d645c064"
  integrity sha512-TkYv/hjXgCryBeNKiclrwqZH7Nb+GaOwo3Neg24ZVWA3MKB+Rd+BY84Nh6tmNEMcjUik1CSUWjXYndmeO6F7sw==
  dependencies:
    d3-dsv "1 - 2"

d3-force@2:
  version "2.1.1"
  resolved "https://registry.yarnpkg.com/d3-force/-/d3-force-2.1.1.tgz#f20ccbf1e6c9e80add1926f09b51f686a8bc0937"
  integrity sha512-nAuHEzBqMvpFVMf9OX75d00OxvOXdxY+xECIXjW6Gv8BRrXu6gAWbv/9XKrvfJ5i5DCokDW7RYE50LRoK092ew==
  dependencies:
    d3-dispatch "1 - 2"
    d3-quadtree "1 - 2"
    d3-timer "1 - 2"

"d3-format@1 - 2", d3-format@2:
  version "2.0.0"
  resolved "https://registry.yarnpkg.com/d3-format/-/d3-format-2.0.0.tgz#a10bcc0f986c372b729ba447382413aabf5b0767"
  integrity sha512-Ab3S6XuE/Q+flY96HXT0jOXcM4EAClYFnRGY5zsjRGNy6qCYrQsMffs7cV5Q9xejb35zxW5hf/guKw34kvIKsA==

d3-geo@2:
  version "2.0.1"
  resolved "https://registry.yarnpkg.com/d3-geo/-/d3-geo-2.0.1.tgz#2437fdfed3fe3aba2812bd8f30609cac83a7ee39"
  integrity sha512-M6yzGbFRfxzNrVhxDJXzJqSLQ90q1cCyb3EWFZ1LF4eWOBYxFypw7I/NFVBNXKNqxv1bqLathhYvdJ6DC+th3A==
  dependencies:
    d3-array ">=2.5"

d3-hierarchy@2:
  version "2.0.0"
  resolved "https://registry.yarnpkg.com/d3-hierarchy/-/d3-hierarchy-2.0.0.tgz#dab88a58ca3e7a1bc6cab390e89667fcc6d20218"
  integrity sha512-SwIdqM3HxQX2214EG9GTjgmCc/mbSx4mQBn+DuEETubhOw6/U3fmnji4uCVrmzOydMHSO1nZle5gh6HB/wdOzw==

"d3-interpolate@1 - 2", "d3-interpolate@1.2.0 - 2", d3-interpolate@2:
  version "2.0.1"
  resolved "https://registry.yarnpkg.com/d3-interpolate/-/d3-interpolate-2.0.1.tgz#98be499cfb8a3b94d4ff616900501a64abc91163"
  integrity sha512-c5UhwwTs/yybcmTpAVqwSFl6vrQ8JZJoT5F7xNFK9pymv5C0Ymcc9/LIJHtYIggg/yS9YHw8i8O8tgb9pupjeQ==
  dependencies:
    d3-color "1 - 2"

"d3-path@1 - 2", d3-path@2:
  version "2.0.0"
  resolved "https://registry.yarnpkg.com/d3-path/-/d3-path-2.0.0.tgz#55d86ac131a0548adae241eebfb56b4582dd09d8"
  integrity sha512-ZwZQxKhBnv9yHaiWd6ZU4x5BtCQ7pXszEV9CU6kRgwIQVQGLMv1oiL4M+MK/n79sYzsj+gcgpPQSctJUsLN7fA==

d3-polygon@2:
  version "2.0.0"
  resolved "https://registry.yarnpkg.com/d3-polygon/-/d3-polygon-2.0.0.tgz#13608ef042fbec625ba1598327564f03c0396d8e"
  integrity sha512-MsexrCK38cTGermELs0cO1d79DcTsQRN7IWMJKczD/2kBjzNXxLUWP33qRF6VDpiLV/4EI4r6Gs0DAWQkE8pSQ==

"d3-quadtree@1 - 2", d3-quadtree@2:
  version "2.0.0"
  resolved "https://registry.yarnpkg.com/d3-quadtree/-/d3-quadtree-2.0.0.tgz#edbad045cef88701f6fee3aee8e93fb332d30f9d"
  integrity sha512-b0Ed2t1UUalJpc3qXzKi+cPGxeXRr4KU9YSlocN74aTzp6R/Ud43t79yLLqxHRWZfsvWXmbDWPpoENK1K539xw==

d3-random@2:
  version "2.2.2"
  resolved "https://registry.yarnpkg.com/d3-random/-/d3-random-2.2.2.tgz#5eebd209ef4e45a2b362b019c1fb21c2c98cbb6e"
  integrity sha512-0D9P8TRj6qDAtHhRQn6EfdOtHMfsUWanl3yb/84C4DqpZ+VsgfI5iTVRNRbELCfNvRfpMr8OrqqUTQ6ANGCijw==

d3-scale-chromatic@2:
  version "2.0.0"
  resolved "https://registry.yarnpkg.com/d3-scale-chromatic/-/d3-scale-chromatic-2.0.0.tgz#c13f3af86685ff91323dc2f0ebd2dabbd72d8bab"
  integrity sha512-LLqy7dJSL8yDy7NRmf6xSlsFZ6zYvJ4BcWFE4zBrOPnQERv9zj24ohnXKRbyi9YHnYV+HN1oEO3iFK971/gkzA==
  dependencies:
    d3-color "1 - 2"
    d3-interpolate "1 - 2"

d3-scale@3:
  version "3.2.2"
  resolved "https://registry.yarnpkg.com/d3-scale/-/d3-scale-3.2.2.tgz#36d4cbc94dc38bbb5bd91ba5eddb44c6d19bad3e"
  integrity sha512-3Mvi5HfqPFq0nlyeFlkskGjeqrR/790pINMHc4RXKJ2E6FraTd3juaRIRZZHyMAbi3LjAMW0EH4FB1WgoGyeXg==
  dependencies:
    d3-array "1.2.0 - 2"
    d3-format "1 - 2"
    d3-interpolate "1.2.0 - 2"
    d3-time "1 - 2"
    d3-time-format "2 - 3"

d3-selection@2:
  version "2.0.0"
  resolved "https://registry.yarnpkg.com/d3-selection/-/d3-selection-2.0.0.tgz#94a11638ea2141b7565f883780dabc7ef6a61066"
  integrity sha512-XoGGqhLUN/W14NmaqcO/bb1nqjDAw5WtSYb2X8wiuQWvSZUsUVYsOSkOybUrNvcBjaywBdYPy03eXHMXjk9nZA==

d3-shape@2:
  version "2.0.0"
  resolved "https://registry.yarnpkg.com/d3-shape/-/d3-shape-2.0.0.tgz#2331b62fa784a2a1daac47a7233cfd69301381fd"
  integrity sha512-djpGlA779ua+rImicYyyjnOjeubyhql1Jyn1HK0bTyawuH76UQRWXd+pftr67H6Fa8hSwetkgb/0id3agKWykw==
  dependencies:
    d3-path "1 - 2"

"d3-time-format@2 - 3", d3-time-format@3:
  version "3.0.0"
  resolved "https://registry.yarnpkg.com/d3-time-format/-/d3-time-format-3.0.0.tgz#df8056c83659e01f20ac5da5fdeae7c08d5f1bb6"
  integrity sha512-UXJh6EKsHBTjopVqZBhFysQcoXSv/5yLONZvkQ5Kk3qbwiUYkdX17Xa1PT6U1ZWXGGfB1ey5L8dKMlFq2DO0Ag==
  dependencies:
    d3-time "1 - 2"

"d3-time@1 - 2", d3-time@2:
  version "2.0.0"
  resolved "https://registry.yarnpkg.com/d3-time/-/d3-time-2.0.0.tgz#ad7c127d17c67bd57a4c61f3eaecb81108b1e0ab"
  integrity sha512-2mvhstTFcMvwStWd9Tj3e6CEqtOivtD8AUiHT8ido/xmzrI9ijrUUihZ6nHuf/vsScRBonagOdj0Vv+SEL5G3Q==

"d3-timer@1 - 2", d3-timer@2:
  version "2.0.0"
  resolved "https://registry.yarnpkg.com/d3-timer/-/d3-timer-2.0.0.tgz#055edb1d170cfe31ab2da8968deee940b56623e6"
  integrity sha512-TO4VLh0/420Y/9dO3+f9abDEFYeCUr2WZRlxJvbp4HPTQcSylXNiL6yZa9FIUvV1yRiFufl1bszTCLDqv9PWNA==

d3-transition@2:
  version "2.0.0"
  resolved "https://registry.yarnpkg.com/d3-transition/-/d3-transition-2.0.0.tgz#366ef70c22ef88d1e34105f507516991a291c94c"
  integrity sha512-42ltAGgJesfQE3u9LuuBHNbGrI/AJjNL2OAUdclE70UE6Vy239GCBEYD38uBPoLeNsOhFStGpPI0BAOV+HMxog==
  dependencies:
    d3-color "1 - 2"
    d3-dispatch "1 - 2"
    d3-ease "1 - 2"
    d3-interpolate "1 - 2"
    d3-timer "1 - 2"

d3-zoom@2:
  version "2.0.0"
  resolved "https://registry.yarnpkg.com/d3-zoom/-/d3-zoom-2.0.0.tgz#f04d0afd05518becce879d04709c47ecd93fba54"
  integrity sha512-fFg7aoaEm9/jf+qfstak0IYpnesZLiMX6GZvXtUSdv8RH2o4E2qeelgdU09eKS6wGuiGMfcnMI0nTIqWzRHGpw==
  dependencies:
    d3-dispatch "1 - 2"
    d3-drag "2"
    d3-interpolate "1 - 2"
    d3-selection "2"
    d3-transition "2"

d3@^6.1.1:
  version "6.1.1"
  resolved "https://registry.yarnpkg.com/d3/-/d3-6.1.1.tgz#c92f8dfb5d6889ee0d518ea1e0e6afb8642ef991"
  integrity sha512-bJYW9wlS2uvP2EoMkcPptrUzLMHQKCbiSW+/la8iGSLZgs4KbI/f3Fch4RtnUA9PA+/nPlwyFYzTwDjX80Of8w==
  dependencies:
    d3-array "2"
    d3-axis "2"
    d3-brush "2"
    d3-chord "2"
    d3-color "2"
    d3-contour "2"
    d3-delaunay "5"
    d3-dispatch "2"
    d3-drag "2"
    d3-dsv "2"
    d3-ease "2"
    d3-fetch "2"
    d3-force "2"
    d3-format "2"
    d3-geo "2"
    d3-hierarchy "2"
    d3-interpolate "2"
    d3-path "2"
    d3-polygon "2"
    d3-quadtree "2"
    d3-random "2"
    d3-scale "3"
    d3-scale-chromatic "2"
    d3-selection "2"
    d3-shape "2"
    d3-time "2"
    d3-time-format "3"
    d3-timer "2"
    d3-transition "2"
    d3-zoom "2"

debug@2.6.9:
  version "2.6.9"
  resolved "https://registry.yarnpkg.com/debug/-/debug-2.6.9.tgz#5d128515df134ff327e90a4c93f4e077a536341f"
  integrity sha512-bC7ElrdJaJnPbAP+1EotYvqZsb3ecl5wi6Bfi6BJTUcNowp6cvspg0jXznRTKDjm/E7AdgFBVeAPVMNcKGsHMA==
  dependencies:
    ms "2.0.0"

delaunator@4:
  version "4.0.1"
  resolved "https://registry.yarnpkg.com/delaunator/-/delaunator-4.0.1.tgz#3d779687f57919a7a418f8ab947d3bddb6846957"
  integrity sha512-WNPWi1IRKZfCt/qIDMfERkDp93+iZEmOxN2yy4Jg+Xhv8SLk2UTqqbe1sfiipn0and9QrE914/ihdx82Y/Giag==

depd@~1.1.2:
  version "1.1.2"
  resolved "https://registry.yarnpkg.com/depd/-/depd-1.1.2.tgz#9bcd52e14c097763e749b274c4346ed2e560b5a9"
  integrity sha1-m81S4UwJd2PnSbJ0xDRu0uVgtak=

destroy@~1.0.4:
  version "1.0.4"
  resolved "https://registry.yarnpkg.com/destroy/-/destroy-1.0.4.tgz#978857442c44749e4206613e37946205826abd80"
  integrity sha1-l4hXRCxEdJ5CBmE+N5RiBYJqvYA=

ee-first@1.1.1:
  version "1.1.1"
  resolved "https://registry.yarnpkg.com/ee-first/-/ee-first-1.1.1.tgz#590c61156b0ae2f4f0255732a158b266bc56b21d"
  integrity sha1-WQxhFWsK4vTwJVcyoViyZrxWsh0=

encodeurl@~1.0.2:
  version "1.0.2"
  resolved "https://registry.yarnpkg.com/encodeurl/-/encodeurl-1.0.2.tgz#ad3ff4c86ec2d029322f5a02c3a9a606c95b3f59"
  integrity sha1-rT/0yG7C0CkyL1oCw6mmBslbP1k=

escape-html@~1.0.3:
  version "1.0.3"
  resolved "https://registry.yarnpkg.com/escape-html/-/escape-html-1.0.3.tgz#0258eae4d3d0c0974de1c169188ef0051d1d1988"
  integrity sha1-Aljq5NPQwJdN4cFpGI7wBR0dGYg=

etag@~1.8.1:
  version "1.8.1"
  resolved "https://registry.yarnpkg.com/etag/-/etag-1.8.1.tgz#41ae2eeb65efa62268aebfea83ac7d79299b0887"
  integrity sha1-Qa4u62XvpiJorr/qg6x9eSmbCIc=

express@^4.17.1:
  version "4.17.1"
  resolved "https://registry.yarnpkg.com/express/-/express-4.17.1.tgz#4491fc38605cf51f8629d39c2b5d026f98a4c134"
  integrity sha512-mHJ9O79RqluphRrcw2X/GTh3k9tVv8YcoyY4Kkh4WDMUYKRZUq0h1o0w2rrrxBqM7VoeUVqgb27xlEMXTnYt4g==
  dependencies:
    accepts "~1.3.7"
    array-flatten "1.1.1"
    body-parser "1.19.0"
    content-disposition "0.5.3"
    content-type "~1.0.4"
    cookie "0.4.0"
    cookie-signature "1.0.6"
    debug "2.6.9"
    depd "~1.1.2"
    encodeurl "~1.0.2"
    escape-html "~1.0.3"
    etag "~1.8.1"
    finalhandler "~1.1.2"
    fresh "0.5.2"
    merge-descriptors "1.0.1"
    methods "~1.1.2"
    on-finished "~2.3.0"
    parseurl "~1.3.3"
    path-to-regexp "0.1.7"
    proxy-addr "~2.0.5"
    qs "6.7.0"
    range-parser "~1.2.1"
    safe-buffer "5.1.2"
    send "0.17.1"
    serve-static "1.14.1"
    setprototypeof "1.1.1"
    statuses "~1.5.0"
    type-is "~1.6.18"
    utils-merge "1.0.1"
    vary "~1.1.2"

finalhandler@~1.1.2:
  version "1.1.2"
  resolved "https://registry.yarnpkg.com/finalhandler/-/finalhandler-1.1.2.tgz#b7e7d000ffd11938d0fdb053506f6ebabe9f587d"
  integrity sha512-aAWcW57uxVNrQZqFXjITpW3sIUQmHGG3qSb9mUah9MgMC4NeWhNOlNjXEYq3HjRAvL6arUviZGGJsBg6z0zsWA==
  dependencies:
    debug "2.6.9"
    encodeurl "~1.0.2"
    escape-html "~1.0.3"
    on-finished "~2.3.0"
    parseurl "~1.3.3"
    statuses "~1.5.0"
    unpipe "~1.0.0"

forwarded@~0.1.2:
  version "0.1.2"
  resolved "https://registry.yarnpkg.com/forwarded/-/forwarded-0.1.2.tgz#98c23dab1175657b8c0573e8ceccd91b0ff18c84"
  integrity sha1-mMI9qxF1ZXuMBXPozszZGw/xjIQ=

fresh@0.5.2:
  version "0.5.2"
  resolved "https://registry.yarnpkg.com/fresh/-/fresh-0.5.2.tgz#3d8cadd90d976569fa835ab1f8e4b23a105605a7"
  integrity sha1-PYyt2Q2XZWn6g1qx+OSyOhBWBac=

http-errors@1.7.2:
  version "1.7.2"
  resolved "https://registry.yarnpkg.com/http-errors/-/http-errors-1.7.2.tgz#4f5029cf13239f31036e5b2e55292bcfbcc85c8f"
  integrity sha512-uUQBt3H/cSIVfch6i1EuPNy/YsRSOUBXTVfZ+yR7Zjez3qjBz6i9+i4zjNaoqcoFVI4lQJ5plg63TvGfRSDCRg==
  dependencies:
    depd "~1.1.2"
    inherits "2.0.3"
    setprototypeof "1.1.1"
    statuses ">= 1.5.0 < 2"
    toidentifier "1.0.0"

http-errors@~1.7.2:
  version "1.7.3"
  resolved "https://registry.yarnpkg.com/http-errors/-/http-errors-1.7.3.tgz#6c619e4f9c60308c38519498c14fbb10aacebb06"
  integrity sha512-ZTTX0MWrsQ2ZAhA1cejAwDLycFsd7I7nVtnkT3Ol0aqodaKW+0CTZDQ1uBv5whptCnc8e8HeRRJxRs0kmm/Qfw==
  dependencies:
    depd "~1.1.2"
    inherits "2.0.4"
    setprototypeof "1.1.1"
    statuses ">= 1.5.0 < 2"
    toidentifier "1.0.0"

iconv-lite@0.4, iconv-lite@0.4.24:
  version "0.4.24"
  resolved "https://registry.yarnpkg.com/iconv-lite/-/iconv-lite-0.4.24.tgz#2022b4b25fbddc21d2f524974a474aafe733908b"
  integrity sha512-v3MXnZAcvnywkTUEZomIActle7RXXeedOR31wwl7VlyoXO4Qi9arvSenNQWne1TcRwhCL1HwLI21bEqdpj8/rA==
  dependencies:
    safer-buffer ">= 2.1.2 < 3"

inherits@2.0.3:
  version "2.0.3"
  resolved "https://registry.yarnpkg.com/inherits/-/inherits-2.0.3.tgz#633c2c83e3da42a502f52466022480f4208261de"
  integrity sha1-Yzwsg+PaQqUC9SRmAiSA9CCCYd4=

inherits@2.0.4:
  version "2.0.4"
  resolved "https://registry.yarnpkg.com/inherits/-/inherits-2.0.4.tgz#0fa2c64f932917c3433a0ded55363aae37416b7c"
  integrity sha512-k/vGaX4/Yla3WzyMCvTQOXYeIHvqOKtnqBduzTHpzpQZzAskKMhZ2K+EnBiSM9zGSoIFeMpXKxa4dYeZIQqewQ==

ipaddr.js@1.9.1:
  version "1.9.1"
  resolved "https://registry.yarnpkg.com/ipaddr.js/-/ipaddr.js-1.9.1.tgz#bff38543eeb8984825079ff3a2a8e6cbd46781b3"
  integrity sha512-0KI/607xoxSToH7GjN1FfSbLoU0+btTicjsQSWQlh/hZykN8KpmMf7uYwPW3R+akZ6R/w18ZlXSHBYXiYUPO3g==

lru-cache@^6.0.0:
  version "6.0.0"
  resolved "https://registry.yarnpkg.com/lru-cache/-/lru-cache-6.0.0.tgz#6d6fe6570ebd96aaf90fcad1dafa3b2566db3a94"
  integrity sha512-Jo6dJ04CmSjuznwJSS3pUeWmd/H0ffTlkXXgwZi+eq1UCmqQwCh+eLsYOYCwY991i2Fah4h1BEMCx4qThGbsiA==
  dependencies:
    yallist "^4.0.0"

media-typer@0.3.0:
  version "0.3.0"
  resolved "https://registry.yarnpkg.com/media-typer/-/media-typer-0.3.0.tgz#8710d7af0aa626f8fffa1ce00168545263255748"
  integrity sha1-hxDXrwqmJvj/+hzgAWhUUmMlV0g=

merge-descriptors@1.0.1:
  version "1.0.1"
  resolved "https://registry.yarnpkg.com/merge-descriptors/-/merge-descriptors-1.0.1.tgz#b00aaa556dd8b44568150ec9d1b953f3f90cbb61"
  integrity sha1-sAqqVW3YtEVoFQ7J0blT8/kMu2E=

methods@~1.1.2:
  version "1.1.2"
  resolved "https://registry.yarnpkg.com/methods/-/methods-1.1.2.tgz#5529a4d67654134edcc5266656835b0f851afcee"
  integrity sha1-VSmk1nZUE07cxSZmVoNbD4Ua/O4=

mime-db@1.44.0:
  version "1.44.0"
  resolved "https://registry.yarnpkg.com/mime-db/-/mime-db-1.44.0.tgz#fa11c5eb0aca1334b4233cb4d52f10c5a6272f92"
  integrity sha512-/NOTfLrsPBVeH7YtFPgsVWveuL+4SjjYxaQ1xtM1KMFj7HdxlBlxeyNLzhyJVx7r4rZGJAZ/6lkKCitSc/Nmpg==

mime-types@~2.1.24:
  version "2.1.27"
  resolved "https://registry.yarnpkg.com/mime-types/-/mime-types-2.1.27.tgz#47949f98e279ea53119f5722e0f34e529bec009f"
  integrity sha512-JIhqnCasI9yD+SsmkquHBxTSEuZdQX5BuQnS2Vc7puQQQ+8yiP5AY5uWhpdv4YL4VM5c6iliiYWPgJ/nJQLp7w==
  dependencies:
    mime-db "1.44.0"

mime@1.6.0:
  version "1.6.0"
  resolved "https://registry.yarnpkg.com/mime/-/mime-1.6.0.tgz#32cd9e5c64553bd58d19a568af452acff04981b1"
  integrity sha512-x0Vn8spI+wuJ1O6S7gnbaQg8Pxh4NNHb7KSINmEWKiPE4RKOplvijn+NkmYmmRgP68mc70j2EbeTFRsrswaQeg==

ms@2.0.0:
  version "2.0.0"
  resolved "https://registry.yarnpkg.com/ms/-/ms-2.0.0.tgz#5608aeadfc00be6c2901df5f9861788de0d597c8"
  integrity sha1-VgiurfwAvmwpAd9fmGF4jeDVl8g=

ms@2.1.1:
  version "2.1.1"
  resolved "https://registry.yarnpkg.com/ms/-/ms-2.1.1.tgz#30a5864eb3ebb0a66f2ebe6d727af06a09d86e0a"
  integrity sha512-tgp+dl5cGk28utYktBsrFqA7HKgrhgPsg6Z/EfhWI4gl1Hwq8B/GmY/0oXZ6nF8hDVesS/FpnYaD/kOWhYQvyg==

negotiator@0.6.2:
  version "0.6.2"
  resolved "https://registry.yarnpkg.com/negotiator/-/negotiator-0.6.2.tgz#feacf7ccf525a77ae9634436a64883ffeca346fb"
  integrity sha512-hZXc7K2e+PgeI1eDBe/10Ard4ekbfrrqG8Ep+8Jmf4JID2bNg7NvCPOZN+kfF574pFQI7mum2AUqDidoKqcTOw==

node-fetch@^2.6.1:
  version "2.6.1"
  resolved "https://registry.yarnpkg.com/node-fetch/-/node-fetch-2.6.1.tgz#045bd323631f76ed2e2b55573394416b639a0052"
  integrity sha512-V4aYg89jEoVRxRb2fJdAg8FHvI7cEyYdVAh94HH0UIK8oJxUfkjlDQN9RbMx+bEjP7+ggMiFRprSti032Oipxw==

on-finished@~2.3.0:
  version "2.3.0"
  resolved "https://registry.yarnpkg.com/on-finished/-/on-finished-2.3.0.tgz#20f1336481b083cd75337992a16971aa2d906947"
  integrity sha1-IPEzZIGwg811M3mSoWlxqi2QaUc=
  dependencies:
    ee-first "1.1.1"

parseurl@~1.3.3:
  version "1.3.3"
  resolved "https://registry.yarnpkg.com/parseurl/-/parseurl-1.3.3.tgz#9da19e7bee8d12dff0513ed5b76957793bc2e8d4"
  integrity sha512-CiyeOxFT/JZyN5m0z9PfXw4SCBJ6Sygz1Dpl0wqjlhDEGGBP1GnsUVEL0p63hoG1fcj3fHynXi9NYO4nWOL+qQ==

path-to-regexp@0.1.7:
  version "0.1.7"
  resolved "https://registry.yarnpkg.com/path-to-regexp/-/path-to-regexp-0.1.7.tgz#df604178005f522f15eb4490e7247a1bfaa67f8c"
  integrity sha1-32BBeABfUi8V60SQ5yR6G/qmf4w=

proxy-addr@~2.0.5:
  version "2.0.6"
  resolved "https://registry.yarnpkg.com/proxy-addr/-/proxy-addr-2.0.6.tgz#fdc2336505447d3f2f2c638ed272caf614bbb2bf"
  integrity sha512-dh/frvCBVmSsDYzw6n926jv974gddhkFPfiN8hPOi30Wax25QZyZEGveluCgliBnqmuM+UJmBErbAUFIoDbjOw==
  dependencies:
    forwarded "~0.1.2"
    ipaddr.js "1.9.1"

qs@6.7.0:
  version "6.7.0"
  resolved "https://registry.yarnpkg.com/qs/-/qs-6.7.0.tgz#41dc1a015e3d581f1621776be31afb2876a9b1bc"
  integrity sha512-VCdBRNFTX1fyE7Nb6FYoURo/SPe62QCaAyzJvUjwRaIsc+NePBEniHlvxFmmX56+HZphIGtV0XeCirBtpDrTyQ==

range-parser@~1.2.1:
  version "1.2.1"
  resolved "https://registry.yarnpkg.com/range-parser/-/range-parser-1.2.1.tgz#3cf37023d199e1c24d1a55b84800c2f3e6468031"
  integrity sha512-Hrgsx+orqoygnmhFbKaHE6c296J+HTAQXoxEF6gNupROmmGJRoyzfG3ccAveqCBrwr/2yxQ5BVd/GTl5agOwSg==

raw-body@2.4.0:
  version "2.4.0"
  resolved "https://registry.yarnpkg.com/raw-body/-/raw-body-2.4.0.tgz#a1ce6fb9c9bc356ca52e89256ab59059e13d0332"
  integrity sha512-4Oz8DUIwdvoa5qMJelxipzi/iJIi40O5cGV1wNYp5hvZP8ZN0T+jiNkL0QepXs+EsQ9XJ8ipEDoiH70ySUJP3Q==
  dependencies:
    bytes "3.1.0"
    http-errors "1.7.2"
    iconv-lite "0.4.24"
    unpipe "1.0.0"

rw@1:
  version "1.3.3"
  resolved "https://registry.yarnpkg.com/rw/-/rw-1.3.3.tgz#3f862dfa91ab766b14885ef4d01124bfda074fb4"
  integrity sha1-P4Yt+pGrdmsUiF700BEkv9oHT7Q=

safe-buffer@5.1.2:
  version "5.1.2"
  resolved "https://registry.yarnpkg.com/safe-buffer/-/safe-buffer-5.1.2.tgz#991ec69d296e0313747d59bdfd2b745c35f8828d"
  integrity sha512-Gd2UZBJDkXlY7GbJxfsE8/nvKkUEU1G38c1siN6QP6a9PT9MmHB8GnpscSmMJSoF8LOIrt8ud/wPtojys4G6+g==

"safer-buffer@>= 2.1.2 < 3":
  version "2.1.2"
  resolved "https://registry.yarnpkg.com/safer-buffer/-/safer-buffer-2.1.2.tgz#44fa161b0187b9549dd84bb91802f9bd8385cd6a"
  integrity sha512-YZo3K82SD7Riyi0E1EQPojLz7kpepnSQI9IyPbHHg1XXXevb5dJI7tpyN2ADxGcQbHG7vcyRHk0cbwqcQriUtg==

send@0.17.1:
  version "0.17.1"
  resolved "https://registry.yarnpkg.com/send/-/send-0.17.1.tgz#c1d8b059f7900f7466dd4938bdc44e11ddb376c8"
  integrity sha512-BsVKsiGcQMFwT8UxypobUKyv7irCNRHk1T0G680vk88yf6LBByGcZJOTJCrTP2xVN6yI+XjPJcNuE3V4fT9sAg==
  dependencies:
    debug "2.6.9"
    depd "~1.1.2"
    destroy "~1.0.4"
    encodeurl "~1.0.2"
    escape-html "~1.0.3"
    etag "~1.8.1"
    fresh "0.5.2"
    http-errors "~1.7.2"
    mime "1.6.0"
    ms "2.1.1"
    on-finished "~2.3.0"
    range-parser "~1.2.1"
    statuses "~1.5.0"

serve-static@1.14.1:
  version "1.14.1"
  resolved "https://registry.yarnpkg.com/serve-static/-/serve-static-1.14.1.tgz#666e636dc4f010f7ef29970a88a674320898b2f9"
  integrity sha512-JMrvUwE54emCYWlTI+hGrGv5I8dEwmco/00EvkzIIsR7MqrHonbD9pO2MOfFnpFntl7ecpZs+3mW+XbQZu9QCg==
  dependencies:
    encodeurl "~1.0.2"
    escape-html "~1.0.3"
    parseurl "~1.3.3"
    send "0.17.1"

setprototypeof@1.1.1:
  version "1.1.1"
  resolved "https://registry.yarnpkg.com/setprototypeof/-/setprototypeof-1.1.1.tgz#7e95acb24aa92f5885e0abef5ba131330d4ae683"
  integrity sha512-JvdAWfbXeIGaZ9cILp38HntZSFSo3mWg6xGcJJsd+d4aRMOqauag1C63dJfDw7OaMYwEbHMOxEZ1lqVRYP2OAw==

"statuses@>= 1.5.0 < 2", statuses@~1.5.0:
  version "1.5.0"
  resolved "https://registry.yarnpkg.com/statuses/-/statuses-1.5.0.tgz#161c7dac177659fd9811f43771fa99381478628c"
  integrity sha1-Fhx9rBd2Wf2YEfQ3cfqZOBR4Yow=

toidentifier@1.0.0:
  version "1.0.0"
  resolved "https://registry.yarnpkg.com/toidentifier/-/toidentifier-1.0.0.tgz#7e1be3470f1e77948bc43d94a3c8f4d7752ba553"
  integrity sha512-yaOH/Pk/VEhBWWTlhI+qXxDFXlejDGcQipMlyxda9nthulaxLZUNcUqFxokp0vcYnvteJln5FNQDRrxj3YcbVw==

type-is@~1.6.17, type-is@~1.6.18:
  version "1.6.18"
  resolved "https://registry.yarnpkg.com/type-is/-/type-is-1.6.18.tgz#4e552cd05df09467dcbc4ef739de89f2cf37c131"
  integrity sha512-TkRKr9sUTxEH8MdfuCSP7VizJyzRNMjj2J2do2Jr3Kym598JVdEksuzPQCnlFPW4ky9Q+iA+ma9BGm06XQBy8g==
  dependencies:
    media-typer "0.3.0"
    mime-types "~2.1.24"

unpipe@1.0.0, unpipe@~1.0.0:
  version "1.0.0"
  resolved "https://registry.yarnpkg.com/unpipe/-/unpipe-1.0.0.tgz#b2bf4ee8514aae6165b4817829d21b2ef49904ec"
  integrity sha1-sr9O6FFKrmFltIF4KdIbLvSZBOw=

us-zips@^4.0.2:
  version "4.0.2"
  resolved "https://registry.yarnpkg.com/us-zips/-/us-zips-4.0.2.tgz#9a92b357ce1b01c85a6c9c75f49eb97428173cc3"
  integrity sha512-ITciRwQnRUkngVennzsZdMmREcsIRAXavm0Uh2vpTYeQGbrtmZstk0McOMDxHo1n4HteXtRkmSWAqhkW2RswiQ==

utils-merge@1.0.1:
  version "1.0.1"
  resolved "https://registry.yarnpkg.com/utils-merge/-/utils-merge-1.0.1.tgz#9f95710f50a267947b2ccc124741c1028427e713"
  integrity sha1-n5VxD1CiZ5R7LMwSR0HBAoQn5xM=

vary@~1.1.2:
  version "1.1.2"
  resolved "https://registry.yarnpkg.com/vary/-/vary-1.1.2.tgz#2299f02c6ded30d4a5961b0b9f74524a18f634fc"
  integrity sha1-IpnwLG3tMNSllhsLn3RSShj2NPw=

yallist@^4.0.0:
  version "4.0.0"
  resolved "https://registry.yarnpkg.com/yallist/-/yallist-4.0.0.tgz#9bb92790d9c0effec63be73519e11a35019a3a72"
  integrity sha512-3wdGidZyq5PB084XLES5TpOSRA3wjXAlIWMhum2kRcv/41Sn2emQ0dycQW4uZXLejwKvg6EsvbdlVL+FYEct7A==

zipcodes@^8.0.0:
  version "8.0.0"
  resolved "https://registry.yarnpkg.com/zipcodes/-/zipcodes-8.0.0.tgz#4d124cdeedfc693f1b0ef8060323f206aeb98a9b"
  integrity sha512-V8NolFaJhsPamGeCv5lJdk60Q7JBiXI6e+8JDksPC1NJWZ0t7g1OFfqVLZb2Nc2F5jmf9JTdYdWJBnIhGBvtbA==
